
Microsoft Visual Studio Solution File, Format Version 12.00
# Visual Studio Version 16
VisualStudioVersion = 16.0.29806.167
MinimumVisualStudioVersion = 10.0.40219.1
Project("{FAE04EC0-301F-11D3-BF4B-00C04F79EFBC}") = "ConsoleApp2", "ConsoleApp2\ConsoleApp2.csproj", "{3B0CBF0C-4334-49B1-8F8B-9B7D71ED21AE}"
EndProject
Global
	GlobalSection(SolutionConfigurationPlatforms) = preSolution
		Debug|Any CPU = Debug|Any CPU
		Release|Any CPU = Release|Any CPU
	EndGlobalSection
	GlobalSection(ProjectConfigurationPlatforms) = postSolution
		{3B0CBF0C-4334-49B1-8F8B-9B7D71ED21AE}.Debug|Any CPU.ActiveCfg = Debug|Any CPU
		{3B0CBF0C-4334-49B1-8F8B-9B7D71ED21AE}.Debug|Any CPU.Build.0 = Debug|Any CPU
		{3B0CBF0C-4334-49B1-8F8B-9B7D71ED21AE}.Release|Any CPU.ActiveCfg = Release|Any CPU
		{3B0CBF0C-4334-49B1-8F8B-9B7D71ED21AE}.Release|Any CPU.Build.0 = Release|Any CPU
	EndGlobalSection
	GlobalSection(SolutionProperties) = preSolution
		HideSolutionNode = FALSE
	EndGlobalSection
	GlobalSection(ExtensibilityGlobals) = postSolution
		SolutionGuid = {04FFECC2-6B96-4355-8CCB-0B15DE7904AB}
	EndGlobalSection
EndGlobal
